
Microsoft Visual Studio Solution File, Format Version 12.00
# Visual Studio Version 16
VisualStudioVersion = 16.0.29306.81
MinimumVisualStudioVersion = 10.0.40219.1
Project("{FAE04EC0-301F-11D3-BF4B-00C04F79EFBC}") = "WpfApp2", "WpfApp2\WpfApp2.csproj", "{072FE649-B13F-4112-888B-C7170B8DDAD7}"
EndProject
Global
	GlobalSection(SolutionConfigurationPlatforms) = preSolution
		Debug|Any CPU = Debug|Any CPU
		Release|Any CPU = Release|Any CPU
	EndGlobalSection
	GlobalSection(ProjectConfigurationPlatforms) = postSolution
		{072FE649-B13F-4112-888B-C7170B8DDAD7}.Debug|Any CPU.ActiveCfg = Debug|Any CPU
		{072FE649-B13F-4112-888B-C7170B8DDAD7}.Debug|Any CPU.Build.0 = Debug|Any CPU
		{072FE649-B13F-4112-888B-C7170B8DDAD7}.Release|Any CPU.ActiveCfg = Release|Any CPU
		{072FE649-B13F-4112-888B-C7170B8DDAD7}.Release|Any CPU.Build.0 = Release|Any CPU
	EndGlobalSection
	GlobalSection(SolutionProperties) = preSolution
		HideSolutionNode = FALSE
	EndGlobalSection
	GlobalSection(ExtensibilityGlobals) = postSolution
		SolutionGuid = {889BB380-51CB-4B1D-845C-24A77646CBD8}
	EndGlobalSection
EndGlobal
